
Microsoft Visual Studio Solution File, Format Version 12.00
# Visual Studio 15
VisualStudioVersion = 15.0.28010.2046
MinimumVisualStudioVersion = 10.0.40219.1
Project("{FAE04EC0-301F-11D3-BF4B-00C04F79EFBC}") = "AspNetCore.Identity.PG", "AspNetCore.Identity.PG\AspNetCore.Identity.PG.csproj", "{3C03958A-D3C9-47E2-B505-A97095BF0849}"
EndProject
Project("{9A19103F-16F7-4668-BE54-9A1E7A4F7556}") = "WebExample", "WebExample\WebExample.csproj", "{D39D8CFB-C793-47EA-8E2B-10C21BC8D224}"
EndProject
Global
	GlobalSection(SolutionConfigurationPlatforms) = preSolution
		Debug|Any CPU = Debug|Any CPU
		Release|Any CPU = Release|Any CPU
	EndGlobalSection
	GlobalSection(ProjectConfigurationPlatforms) = postSolution
		{3C03958A-D3C9-47E2-B505-A97095BF0849}.Debug|Any CPU.ActiveCfg = Debug|Any CPU
		{3C03958A-D3C9-47E2-B505-A97095BF0849}.Debug|Any CPU.Build.0 = Debug|Any CPU
		{3C03958A-D3C9-47E2-B505-A97095BF0849}.Release|Any CPU.ActiveCfg = Release|Any CPU
		{3C03958A-D3C9-47E2-B505-A97095BF0849}.Release|Any CPU.Build.0 = Release|Any CPU
		{D39D8CFB-C793-47EA-8E2B-10C21BC8D224}.Debug|Any CPU.ActiveCfg = Debug|Any CPU
		{D39D8CFB-C793-47EA-8E2B-10C21BC8D224}.Debug|Any CPU.Build.0 = Debug|Any CPU
		{D39D8CFB-C793-47EA-8E2B-10C21BC8D224}.Release|Any CPU.ActiveCfg = Release|Any CPU
		{D39D8CFB-C793-47EA-8E2B-10C21BC8D224}.Release|Any CPU.Build.0 = Release|Any CPU
	EndGlobalSection
	GlobalSection(SolutionProperties) = preSolution
		HideSolutionNode = FALSE
	EndGlobalSection
	GlobalSection(ExtensibilityGlobals) = postSolution
		SolutionGuid = {97D6115A-A02A-48FD-BE40-E11C5E9470DF}
	EndGlobalSection
EndGlobal
